{
    "psr/log": {
        "version": "1.1.0"
    },
    "symfony/debug": {
        "version": "v4.2.8"
    },
    "symfony/dotenv": {
        "version": "v4.2.8"
    },
    "symfony/flex": {
        "version": "1.0",
        "recipe": {
            "repo": "github.com/symfony/recipes",
            "branch": "master",
            "version": "1.0",
            "ref": "dc3fc2e0334a4137c47cfd5a3ececc601fa61a0b"
        },
        "files": [
            ".env"
        ]
    },
    "symfony/http-foundation": {
        "version": "v4.2.8"
    },
    "symfony/http-kernel": {
        "version": "v4.2.8"
    },
    "symfony/twig-bridge": {
        "version": "v4.2.8"
    },
    "symfony/twig-bundle": {
        "version": "3.3",
        "recipe": {
            "repo": "github.com/symfony/recipes",
            "branch": "master",
            "version": "3.3",
            "ref": "369b5b29dc52b2c190002825ae7ec24ab6f962dd"
        },
        "files": [
            "config/packages/twig.yaml",
            "config/routes/dev/twig.yaml",
            "templates/base.html.twig"
        ]
    }
}
