{
    "league/tactician": {
        "version": "v1.0.3"
    },
    "league/tactician-bundle": {
        "version": "1.0",
        "recipe": {
            "repo": "github.com/symfony/recipes-contrib",
            "branch": "master",
            "version": "1.0",
            "ref": "222c3d39d38378bc6a9790a0b5baf841ba6679b9"
        },
        "files": [
            "config/packages/league_tactician.yaml"
        ]
    },
    "league/tactician-container": {
        "version": "2.0.0"
    },
    "league/tactician-logger": {
        "version": "v0.10.0"
    },
    "psr/log": {
        "version": "1.1.0"
    },
    "symfony/debug": {
        "version": "v4.2.8"
    },
    "symfony/dotenv": {
        "version": "v4.2.8"
    },
    "symfony/flex": {
        "version": "1.0",
        "recipe": {
            "repo": "github.com/symfony/recipes",
            "branch": "master",
            "version": "1.0",
            "ref": "dc3fc2e0334a4137c47cfd5a3ececc601fa61a0b"
        },
        "files": [
            ".env"
        ]
    },
    "symfony/http-foundation": {
        "version": "v4.2.8"
    },
    "symfony/http-kernel": {
        "version": "v4.2.8"
    }
}
